
Microsoft Visual Studio Solution File, Format Version 12.00
# Visual Studio 2013
VisualStudioVersion = 12.0.21005.1
MinimumVisualStudioVersion = 10.0.40219.1
Project("{FAE04EC0-301F-11D3-BF4B-00C04F79EFBC}") = "U8MES_Manager", "U8MES_Manager\U8MES_Manager.csproj", "{DCA3C231-CF15-4ACB-8AC7-D3EE2DDCD20B}"
EndProject
Global
	GlobalSection(SolutionConfigurationPlatforms) = preSolution
		Debug|Any CPU = Debug|Any CPU
		Release|Any CPU = Release|Any CPU
	EndGlobalSection
	GlobalSection(ProjectConfigurationPlatforms) = postSolution
		{DCA3C231-CF15-4ACB-8AC7-D3EE2DDCD20B}.Debug|Any CPU.ActiveCfg = Debug|Any CPU
		{DCA3C231-CF15-4ACB-8AC7-D3EE2DDCD20B}.Debug|Any CPU.Build.0 = Debug|Any CPU
		{DCA3C231-CF15-4ACB-8AC7-D3EE2DDCD20B}.Release|Any CPU.ActiveCfg = Release|Any CPU
		{DCA3C231-CF15-4ACB-8AC7-D3EE2DDCD20B}.Release|Any CPU.Build.0 = Release|Any CPU
	EndGlobalSection
	GlobalSection(SolutionProperties) = preSolution
		HideSolutionNode = FALSE
	EndGlobalSection
EndGlobal
